
Microsoft Visual Studio Solution File, Format Version 12.00
# Visual Studio Version 16
VisualStudioVersion = 16.0.810.17
MinimumVisualStudioVersion = 10.0.40219.1
Project("{FAE04EC0-301F-11D3-BF4B-00C04F79EFBC}") = "webapp", "webapp\webapp.csproj", "{D08A9806-505D-43BD-986F-EC2CB80927DA}"
EndProject
Global
	GlobalSection(SolutionConfigurationPlatforms) = preSolution
		Debug|Any CPU = Debug|Any CPU
		Release|Any CPU = Release|Any CPU
	EndGlobalSection
	GlobalSection(ProjectConfigurationPlatforms) = postSolution
		{D08A9806-505D-43BD-986F-EC2CB80927DA}.Debug|Any CPU.ActiveCfg = Debug|Any CPU
		{D08A9806-505D-43BD-986F-EC2CB80927DA}.Debug|Any CPU.Build.0 = Debug|Any CPU
		{D08A9806-505D-43BD-986F-EC2CB80927DA}.Release|Any CPU.ActiveCfg = Release|Any CPU
		{D08A9806-505D-43BD-986F-EC2CB80927DA}.Release|Any CPU.Build.0 = Release|Any CPU
	EndGlobalSection
	GlobalSection(SolutionProperties) = preSolution
		HideSolutionNode = FALSE
	EndGlobalSection
	GlobalSection(ExtensibilityGlobals) = postSolution
		SolutionGuid = {D78B4ABF-643E-4666-994B-73B5C0C51073}
	EndGlobalSection
EndGlobal
